
Microsoft Visual Studio Solution File, Format Version 12.00
# Visual Studio 2013
VisualStudioVersion = 12.0.31101.0
MinimumVisualStudioVersion = 10.0.40219.1
Project("{FAE04EC0-301F-11D3-BF4B-00C04F79EFBC}") = "HospitalWebServiceApplication", "HospitalWebServiceApplication\HospitalWebServiceApplication.csproj", "{C3C8EA70-8FF9-45DC-A64B-8F44DED76A28}"
EndProject
Project("{FAE04EC0-301F-11D3-BF4B-00C04F79EFBC}") = "HospitalServices", "HospitalServices\HospitalServices.csproj", "{7023B944-C3B9-4EB9-952D-A72F7FC9B26C}"
EndProject
Project("{FAE04EC0-301F-11D3-BF4B-00C04F79EFBC}") = "HospitalServicesImpl", "HospitalServicesImpl\HospitalServicesImpl.csproj", "{16A9892B-E9A0-41EB-A9C4-FDBD743DC273}"
EndProject
Project("{FAE04EC0-301F-11D3-BF4B-00C04F79EFBC}") = "HospitalNinject", "Ninject\HospitalNinject.csproj", "{D91E1CBE-5FBE-4278-9BDC-2BABD44E170F}"
EndProject
Global
	GlobalSection(SolutionConfigurationPlatforms) = preSolution
		Debug|Any CPU = Debug|Any CPU
		Release|Any CPU = Release|Any CPU
	EndGlobalSection
	GlobalSection(ProjectConfigurationPlatforms) = postSolution
		{C3C8EA70-8FF9-45DC-A64B-8F44DED76A28}.Debug|Any CPU.ActiveCfg = Debug|Any CPU
		{C3C8EA70-8FF9-45DC-A64B-8F44DED76A28}.Debug|Any CPU.Build.0 = Debug|Any CPU
		{C3C8EA70-8FF9-45DC-A64B-8F44DED76A28}.Release|Any CPU.ActiveCfg = Release|Any CPU
		{C3C8EA70-8FF9-45DC-A64B-8F44DED76A28}.Release|Any CPU.Build.0 = Release|Any CPU
		{7023B944-C3B9-4EB9-952D-A72F7FC9B26C}.Debug|Any CPU.ActiveCfg = Debug|Any CPU
		{7023B944-C3B9-4EB9-952D-A72F7FC9B26C}.Debug|Any CPU.Build.0 = Debug|Any CPU
		{7023B944-C3B9-4EB9-952D-A72F7FC9B26C}.Release|Any CPU.ActiveCfg = Release|Any CPU
		{7023B944-C3B9-4EB9-952D-A72F7FC9B26C}.Release|Any CPU.Build.0 = Release|Any CPU
		{16A9892B-E9A0-41EB-A9C4-FDBD743DC273}.Debug|Any CPU.ActiveCfg = Debug|Any CPU
		{16A9892B-E9A0-41EB-A9C4-FDBD743DC273}.Debug|Any CPU.Build.0 = Debug|Any CPU
		{16A9892B-E9A0-41EB-A9C4-FDBD743DC273}.Release|Any CPU.ActiveCfg = Release|Any CPU
		{16A9892B-E9A0-41EB-A9C4-FDBD743DC273}.Release|Any CPU.Build.0 = Release|Any CPU
		{D91E1CBE-5FBE-4278-9BDC-2BABD44E170F}.Debug|Any CPU.ActiveCfg = Debug|Any CPU
		{D91E1CBE-5FBE-4278-9BDC-2BABD44E170F}.Debug|Any CPU.Build.0 = Debug|Any CPU
		{D91E1CBE-5FBE-4278-9BDC-2BABD44E170F}.Release|Any CPU.ActiveCfg = Release|Any CPU
		{D91E1CBE-5FBE-4278-9BDC-2BABD44E170F}.Release|Any CPU.Build.0 = Release|Any CPU
	EndGlobalSection
	GlobalSection(SolutionProperties) = preSolution
		HideSolutionNode = FALSE
	EndGlobalSection
EndGlobal
